
Microsoft Visual Studio Solution File, Format Version 12.00
# Visual Studio Version 16
VisualStudioVersion = 16.0.30804.86
MinimumVisualStudioVersion = 10.0.40219.1
Project("{2150E333-8FDC-42A3-9474-1A3956D46DE8}") = "src", "src", "{DE9229E1-06AC-4E08-A01A-9BFB5DB5D900}"
EndProject
Project("{2150E333-8FDC-42A3-9474-1A3956D46DE8}") = "Building Blocks", "Building Blocks", "{90D38913-E458-4C2D-AF5F-2116224148A6}"
EndProject
Project("{2150E333-8FDC-42A3-9474-1A3956D46DE8}") = "Services", "Services", "{D80E9CC1-1F95-489A-8BC3-8A3EFAD01156}"
EndProject
Project("{2150E333-8FDC-42A3-9474-1A3956D46DE8}") = "Web", "Web", "{1C9CA1D0-93B3-40A0-AAEE-E53DAAC02190}"
EndProject
Project("{2150E333-8FDC-42A3-9474-1A3956D46DE8}") = "Identidade", "Identidade", "{D83C4DE9-390B-40F8-AFCD-2A12E5FC5171}"
EndProject
Project("{9A19103F-16F7-4668-BE54-9A1E7A4F7556}") = "NSE.Identidade.API", "src\services\NSE.Identidade.API\NSE.Identidade.API.csproj", "{FE0AA87F-62D8-428A-AE45-7086259C93CF}"
EndProject
Project("{2150E333-8FDC-42A3-9474-1A3956D46DE8}") = "MVC", "MVC", "{E6D44DCC-D7B1-4B2B-92BB-F89AFB8BB50C}"
EndProject
Project("{9A19103F-16F7-4668-BE54-9A1E7A4F7556}") = "NSE.WebApp.MVC", "src\web\NSE.WebApp.MVC\NSE.WebApp.MVC.csproj", "{1E054C6D-18C2-4F20-B683-10B78206FFCC}"
EndProject
Project("{2150E333-8FDC-42A3-9474-1A3956D46DE8}") = "Core", "Core", "{72EF831A-6D2F-4878-A599-C94AB97E0996}"
EndProject
Project("{9A19103F-16F7-4668-BE54-9A1E7A4F7556}") = "NSE.Core", "src\bulding blocks\NSE.Core\NSE.Core.csproj", "{FEA03C31-8F7D-4833-918E-BD1697BE4E63}"
EndProject
Project("{2150E333-8FDC-42A3-9474-1A3956D46DE8}") = "Carrinho", "Carrinho", "{36A55BCC-E93A-4984-A80F-21A9588C856C}"
EndProject
Project("{9A19103F-16F7-4668-BE54-9A1E7A4F7556}") = "NSE.Carrinho.API", "src\services\NSE.Carrinho.API\NSE.Carrinho.API.csproj", "{F6EC4FDF-69D9-4FB2-95DF-EE186AA8310E}"
EndProject
Project("{2150E333-8FDC-42A3-9474-1A3956D46DE8}") = "Catalogo", "Catalogo", "{31391FA7-B620-4E1D-84F1-C854A83ED37C}"
EndProject
Project("{9A19103F-16F7-4668-BE54-9A1E7A4F7556}") = "NSE.Catalogo.API", "src\services\NSE.Catalogo.API\NSE.Catalogo.API.csproj", "{DA08D939-CB8E-4F14-A53A-2549595DDBB0}"
EndProject
Project("{2150E333-8FDC-42A3-9474-1A3956D46DE8}") = "Clientes", "Clientes", "{EE9325B5-6D4F-4F8B-A88B-4A4BF5D10239}"
EndProject
Project("{2150E333-8FDC-42A3-9474-1A3956D46DE8}") = "Pagamento", "Pagamento", "{16DE3E0C-5CAE-42DA-B6B8-79CB954EAC01}"
EndProject
Project("{9A19103F-16F7-4668-BE54-9A1E7A4F7556}") = "NSE.Pagamento.API", "src\services\NSE.Pagamento.API\NSE.Pagamento.API.csproj", "{228768D9-B10D-4FD0-AA79-E1DDE6E4C616}"
EndProject
Project("{2150E333-8FDC-42A3-9474-1A3956D46DE8}") = "Pedido", "Pedido", "{EAB1F0B4-0225-4841-8536-82330FEC4282}"
EndProject
Project("{9A19103F-16F7-4668-BE54-9A1E7A4F7556}") = "NSE.Pedido.API", "src\services\NSE.Pedido.API\NSE.Pedido.API.csproj", "{1F7B8843-EB59-43DC-9AE6-1516F0574EC1}"
EndProject
Project("{2150E333-8FDC-42A3-9474-1A3956D46DE8}") = "Services", "Services", "{BB688F53-ACEA-4E9A-A290-DE6589D93054}"
EndProject
Project("{9A19103F-16F7-4668-BE54-9A1E7A4F7556}") = "NSE.WebAPI.Core", "src\bulding blocks\NSE.WebAPI.Core\NSE.WebAPI.Core.csproj", "{9BD8D869-5B24-4697-B542-C4F5BE6DA2B3}"
EndProject
Project("{9A19103F-16F7-4668-BE54-9A1E7A4F7556}") = "NSE.Clientes.API", "src\services\NSE.Clientes.API\NSE.Clientes.API.csproj", "{8724C52C-6412-478E-A9F4-74258F9A19B8}"
EndProject
Project("{2150E333-8FDC-42A3-9474-1A3956D46DE8}") = "MessageBus", "MessageBus", "{FEA95D0D-0638-49DD-93ED-83B279034491}"
EndProject
Project("{9A19103F-16F7-4668-BE54-9A1E7A4F7556}") = "NSE.MessageBus", "src\bulding blocks\NSE.MessageBus\NSE.MessageBus.csproj", "{3D651840-1502-4D2B-AB8D-E438039AEE33}"
EndProject
Project("{2150E333-8FDC-42A3-9474-1A3956D46DE8}") = "ApiGateways", "ApiGateways", "{F1D0032E-3D04-4C74-BD6A-433C6AB3D31C}"
EndProject
Project("{2150E333-8FDC-42A3-9474-1A3956D46DE8}") = "Compras", "Compras", "{64B002AC-EB8B-4D3C-8A23-CA43905BF908}"
EndProject
Project("{9A19103F-16F7-4668-BE54-9A1E7A4F7556}") = "NSE.Bff.Compras", "src\api gateways\NSE.Bff.Compras\NSE.Bff.Compras.csproj", "{4A256AA5-4CCA-4EB8-B180-EAD65D8348E8}"
EndProject
Project("{9A19103F-16F7-4668-BE54-9A1E7A4F7556}") = "NSE.Pedido.Domain", "src\services\NSE.Pedido.Domain\NSE.Pedido.Domain.csproj", "{1F0F9113-F91E-4C64-BB5C-33852D67298A}"
EndProject
Project("{9A19103F-16F7-4668-BE54-9A1E7A4F7556}") = "NSE.Pedido.Infra", "src\services\NSE.Pedido.Infra\NSE.Pedido.Infra.csproj", "{1A32275B-CC7F-4079-A93E-D30CC3710DB7}"
EndProject
Project("{9A19103F-16F7-4668-BE54-9A1E7A4F7556}") = "NSE.Pagamento.NerdsPag", "src\services\NSE.Pagamento.NerdsPag\NSE.Pagamento.NerdsPag.csproj", "{752716A6-3827-40E7-97ED-FFBD871CE933}"
EndProject
Global
	GlobalSection(SolutionConfigurationPlatforms) = preSolution
		Debug|Any CPU = Debug|Any CPU
		Release|Any CPU = Release|Any CPU
	EndGlobalSection
	GlobalSection(ProjectConfigurationPlatforms) = postSolution
		{FE0AA87F-62D8-428A-AE45-7086259C93CF}.Debug|Any CPU.ActiveCfg = Debug|Any CPU
		{FE0AA87F-62D8-428A-AE45-7086259C93CF}.Debug|Any CPU.Build.0 = Debug|Any CPU
		{FE0AA87F-62D8-428A-AE45-7086259C93CF}.Release|Any CPU.ActiveCfg = Release|Any CPU
		{FE0AA87F-62D8-428A-AE45-7086259C93CF}.Release|Any CPU.Build.0 = Release|Any CPU
		{1E054C6D-18C2-4F20-B683-10B78206FFCC}.Debug|Any CPU.ActiveCfg = Debug|Any CPU
		{1E054C6D-18C2-4F20-B683-10B78206FFCC}.Debug|Any CPU.Build.0 = Debug|Any CPU
		{1E054C6D-18C2-4F20-B683-10B78206FFCC}.Release|Any CPU.ActiveCfg = Release|Any CPU
		{1E054C6D-18C2-4F20-B683-10B78206FFCC}.Release|Any CPU.Build.0 = Release|Any CPU
		{FEA03C31-8F7D-4833-918E-BD1697BE4E63}.Debug|Any CPU.ActiveCfg = Debug|Any CPU
		{FEA03C31-8F7D-4833-918E-BD1697BE4E63}.Debug|Any CPU.Build.0 = Debug|Any CPU
		{FEA03C31-8F7D-4833-918E-BD1697BE4E63}.Release|Any CPU.ActiveCfg = Release|Any CPU
		{FEA03C31-8F7D-4833-918E-BD1697BE4E63}.Release|Any CPU.Build.0 = Release|Any CPU
		{F6EC4FDF-69D9-4FB2-95DF-EE186AA8310E}.Debug|Any CPU.ActiveCfg = Debug|Any CPU
		{F6EC4FDF-69D9-4FB2-95DF-EE186AA8310E}.Debug|Any CPU.Build.0 = Debug|Any CPU
		{F6EC4FDF-69D9-4FB2-95DF-EE186AA8310E}.Release|Any CPU.ActiveCfg = Release|Any CPU
		{F6EC4FDF-69D9-4FB2-95DF-EE186AA8310E}.Release|Any CPU.Build.0 = Release|Any CPU
		{DA08D939-CB8E-4F14-A53A-2549595DDBB0}.Debug|Any CPU.ActiveCfg = Debug|Any CPU
		{DA08D939-CB8E-4F14-A53A-2549595DDBB0}.Debug|Any CPU.Build.0 = Debug|Any CPU
		{DA08D939-CB8E-4F14-A53A-2549595DDBB0}.Release|Any CPU.ActiveCfg = Release|Any CPU
		{DA08D939-CB8E-4F14-A53A-2549595DDBB0}.Release|Any CPU.Build.0 = Release|Any CPU
		{228768D9-B10D-4FD0-AA79-E1DDE6E4C616}.Debug|Any CPU.ActiveCfg = Debug|Any CPU
		{228768D9-B10D-4FD0-AA79-E1DDE6E4C616}.Debug|Any CPU.Build.0 = Debug|Any CPU
		{228768D9-B10D-4FD0-AA79-E1DDE6E4C616}.Release|Any CPU.ActiveCfg = Release|Any CPU
		{228768D9-B10D-4FD0-AA79-E1DDE6E4C616}.Release|Any CPU.Build.0 = Release|Any CPU
		{1F7B8843-EB59-43DC-9AE6-1516F0574EC1}.Debug|Any CPU.ActiveCfg = Debug|Any CPU
		{1F7B8843-EB59-43DC-9AE6-1516F0574EC1}.Debug|Any CPU.Build.0 = Debug|Any CPU
		{1F7B8843-EB59-43DC-9AE6-1516F0574EC1}.Release|Any CPU.ActiveCfg = Release|Any CPU
		{1F7B8843-EB59-43DC-9AE6-1516F0574EC1}.Release|Any CPU.Build.0 = Release|Any CPU
		{9BD8D869-5B24-4697-B542-C4F5BE6DA2B3}.Debug|Any CPU.ActiveCfg = Debug|Any CPU
		{9BD8D869-5B24-4697-B542-C4F5BE6DA2B3}.Debug|Any CPU.Build.0 = Debug|Any CPU
		{9BD8D869-5B24-4697-B542-C4F5BE6DA2B3}.Release|Any CPU.ActiveCfg = Release|Any CPU
		{9BD8D869-5B24-4697-B542-C4F5BE6DA2B3}.Release|Any CPU.Build.0 = Release|Any CPU
		{8724C52C-6412-478E-A9F4-74258F9A19B8}.Debug|Any CPU.ActiveCfg = Debug|Any CPU
		{8724C52C-6412-478E-A9F4-74258F9A19B8}.Debug|Any CPU.Build.0 = Debug|Any CPU
		{8724C52C-6412-478E-A9F4-74258F9A19B8}.Release|Any CPU.ActiveCfg = Release|Any CPU
		{8724C52C-6412-478E-A9F4-74258F9A19B8}.Release|Any CPU.Build.0 = Release|Any CPU
		{3D651840-1502-4D2B-AB8D-E438039AEE33}.Debug|Any CPU.ActiveCfg = Debug|Any CPU
		{3D651840-1502-4D2B-AB8D-E438039AEE33}.Debug|Any CPU.Build.0 = Debug|Any CPU
		{3D651840-1502-4D2B-AB8D-E438039AEE33}.Release|Any CPU.ActiveCfg = Release|Any CPU
		{3D651840-1502-4D2B-AB8D-E438039AEE33}.Release|Any CPU.Build.0 = Release|Any CPU
		{4A256AA5-4CCA-4EB8-B180-EAD65D8348E8}.Debug|Any CPU.ActiveCfg = Debug|Any CPU
		{4A256AA5-4CCA-4EB8-B180-EAD65D8348E8}.Debug|Any CPU.Build.0 = Debug|Any CPU
		{4A256AA5-4CCA-4EB8-B180-EAD65D8348E8}.Release|Any CPU.ActiveCfg = Release|Any CPU
		{4A256AA5-4CCA-4EB8-B180-EAD65D8348E8}.Release|Any CPU.Build.0 = Release|Any CPU
		{1F0F9113-F91E-4C64-BB5C-33852D67298A}.Debug|Any CPU.ActiveCfg = Debug|Any CPU
		{1F0F9113-F91E-4C64-BB5C-33852D67298A}.Debug|Any CPU.Build.0 = Debug|Any CPU
		{1F0F9113-F91E-4C64-BB5C-33852D67298A}.Release|Any CPU.ActiveCfg = Release|Any CPU
		{1F0F9113-F91E-4C64-BB5C-33852D67298A}.Release|Any CPU.Build.0 = Release|Any CPU
		{1A32275B-CC7F-4079-A93E-D30CC3710DB7}.Debug|Any CPU.ActiveCfg = Debug|Any CPU
		{1A32275B-CC7F-4079-A93E-D30CC3710DB7}.Debug|Any CPU.Build.0 = Debug|Any CPU
		{1A32275B-CC7F-4079-A93E-D30CC3710DB7}.Release|Any CPU.ActiveCfg = Release|Any CPU
		{1A32275B-CC7F-4079-A93E-D30CC3710DB7}.Release|Any CPU.Build.0 = Release|Any CPU
		{752716A6-3827-40E7-97ED-FFBD871CE933}.Debug|Any CPU.ActiveCfg = Debug|Any CPU
		{752716A6-3827-40E7-97ED-FFBD871CE933}.Debug|Any CPU.Build.0 = Debug|Any CPU
		{752716A6-3827-40E7-97ED-FFBD871CE933}.Release|Any CPU.ActiveCfg = Release|Any CPU
		{752716A6-3827-40E7-97ED-FFBD871CE933}.Release|Any CPU.Build.0 = Release|Any CPU
	EndGlobalSection
	GlobalSection(SolutionProperties) = preSolution
		HideSolutionNode = FALSE
	EndGlobalSection
	GlobalSection(NestedProjects) = preSolution
		{90D38913-E458-4C2D-AF5F-2116224148A6} = {DE9229E1-06AC-4E08-A01A-9BFB5DB5D900}
		{D80E9CC1-1F95-489A-8BC3-8A3EFAD01156} = {DE9229E1-06AC-4E08-A01A-9BFB5DB5D900}
		{1C9CA1D0-93B3-40A0-AAEE-E53DAAC02190} = {DE9229E1-06AC-4E08-A01A-9BFB5DB5D900}
		{D83C4DE9-390B-40F8-AFCD-2A12E5FC5171} = {D80E9CC1-1F95-489A-8BC3-8A3EFAD01156}
		{FE0AA87F-62D8-428A-AE45-7086259C93CF} = {D83C4DE9-390B-40F8-AFCD-2A12E5FC5171}
		{E6D44DCC-D7B1-4B2B-92BB-F89AFB8BB50C} = {1C9CA1D0-93B3-40A0-AAEE-E53DAAC02190}
		{1E054C6D-18C2-4F20-B683-10B78206FFCC} = {E6D44DCC-D7B1-4B2B-92BB-F89AFB8BB50C}
		{72EF831A-6D2F-4878-A599-C94AB97E0996} = {90D38913-E458-4C2D-AF5F-2116224148A6}
		{FEA03C31-8F7D-4833-918E-BD1697BE4E63} = {72EF831A-6D2F-4878-A599-C94AB97E0996}
		{36A55BCC-E93A-4984-A80F-21A9588C856C} = {D80E9CC1-1F95-489A-8BC3-8A3EFAD01156}
		{F6EC4FDF-69D9-4FB2-95DF-EE186AA8310E} = {36A55BCC-E93A-4984-A80F-21A9588C856C}
		{31391FA7-B620-4E1D-84F1-C854A83ED37C} = {D80E9CC1-1F95-489A-8BC3-8A3EFAD01156}
		{DA08D939-CB8E-4F14-A53A-2549595DDBB0} = {31391FA7-B620-4E1D-84F1-C854A83ED37C}
		{EE9325B5-6D4F-4F8B-A88B-4A4BF5D10239} = {D80E9CC1-1F95-489A-8BC3-8A3EFAD01156}
		{16DE3E0C-5CAE-42DA-B6B8-79CB954EAC01} = {D80E9CC1-1F95-489A-8BC3-8A3EFAD01156}
		{228768D9-B10D-4FD0-AA79-E1DDE6E4C616} = {16DE3E0C-5CAE-42DA-B6B8-79CB954EAC01}
		{EAB1F0B4-0225-4841-8536-82330FEC4282} = {D80E9CC1-1F95-489A-8BC3-8A3EFAD01156}
		{1F7B8843-EB59-43DC-9AE6-1516F0574EC1} = {EAB1F0B4-0225-4841-8536-82330FEC4282}
		{BB688F53-ACEA-4E9A-A290-DE6589D93054} = {90D38913-E458-4C2D-AF5F-2116224148A6}
		{9BD8D869-5B24-4697-B542-C4F5BE6DA2B3} = {BB688F53-ACEA-4E9A-A290-DE6589D93054}
		{8724C52C-6412-478E-A9F4-74258F9A19B8} = {EE9325B5-6D4F-4F8B-A88B-4A4BF5D10239}
		{FEA95D0D-0638-49DD-93ED-83B279034491} = {90D38913-E458-4C2D-AF5F-2116224148A6}
		{3D651840-1502-4D2B-AB8D-E438039AEE33} = {FEA95D0D-0638-49DD-93ED-83B279034491}
		{F1D0032E-3D04-4C74-BD6A-433C6AB3D31C} = {DE9229E1-06AC-4E08-A01A-9BFB5DB5D900}
		{64B002AC-EB8B-4D3C-8A23-CA43905BF908} = {F1D0032E-3D04-4C74-BD6A-433C6AB3D31C}
		{4A256AA5-4CCA-4EB8-B180-EAD65D8348E8} = {64B002AC-EB8B-4D3C-8A23-CA43905BF908}
		{1F0F9113-F91E-4C64-BB5C-33852D67298A} = {EAB1F0B4-0225-4841-8536-82330FEC4282}
		{1A32275B-CC7F-4079-A93E-D30CC3710DB7} = {EAB1F0B4-0225-4841-8536-82330FEC4282}
		{752716A6-3827-40E7-97ED-FFBD871CE933} = {16DE3E0C-5CAE-42DA-B6B8-79CB954EAC01}
	EndGlobalSection
	GlobalSection(ExtensibilityGlobals) = postSolution
		SolutionGuid = {DF3DCDDA-3F63-4758-9668-8780751AD210}
	EndGlobalSection
EndGlobal
